
Microsoft Visual Studio Solution File, Format Version 12.00
# Visual Studio Version 17
VisualStudioVersion = 17.4.33403.182
MinimumVisualStudioVersion = 10.0.40219.1
Project("{FAE04EC0-301F-11D3-BF4B-00C04F79EFBC}") = "Practical_18_API", "Practical_18_API\Practical_18_API.csproj", "{4FD8F067-2A13-423B-B620-B2443D1C1E33}"
EndProject
Project("{FAE04EC0-301F-11D3-BF4B-00C04F79EFBC}") = "Practical_18_MVC", "Practical_18_MVC\Practical_18_MVC.csproj", "{87B6D115-0D26-4B71-ADE4-6946F93F048A}"
EndProject
Global
	GlobalSection(SolutionConfigurationPlatforms) = preSolution
		Debug|Any CPU = Debug|Any CPU
		Release|Any CPU = Release|Any CPU
	EndGlobalSection
	GlobalSection(ProjectConfigurationPlatforms) = postSolution
		{4FD8F067-2A13-423B-B620-B2443D1C1E33}.Debug|Any CPU.ActiveCfg = Debug|Any CPU
		{4FD8F067-2A13-423B-B620-B2443D1C1E33}.Debug|Any CPU.Build.0 = Debug|Any CPU
		{4FD8F067-2A13-423B-B620-B2443D1C1E33}.Release|Any CPU.ActiveCfg = Release|Any CPU
		{4FD8F067-2A13-423B-B620-B2443D1C1E33}.Release|Any CPU.Build.0 = Release|Any CPU
		{87B6D115-0D26-4B71-ADE4-6946F93F048A}.Debug|Any CPU.ActiveCfg = Debug|Any CPU
		{87B6D115-0D26-4B71-ADE4-6946F93F048A}.Debug|Any CPU.Build.0 = Debug|Any CPU
		{87B6D115-0D26-4B71-ADE4-6946F93F048A}.Release|Any CPU.ActiveCfg = Release|Any CPU
		{87B6D115-0D26-4B71-ADE4-6946F93F048A}.Release|Any CPU.Build.0 = Release|Any CPU
	EndGlobalSection
	GlobalSection(SolutionProperties) = preSolution
		HideSolutionNode = FALSE
	EndGlobalSection
	GlobalSection(ExtensibilityGlobals) = postSolution
		SolutionGuid = {0DEB5710-0A00-49EA-9E19-9ED49F58AD73}
	EndGlobalSection
EndGlobal
